
Microsoft Visual Studio Solution File, Format Version 12.00
# Visual Studio Version 16
VisualStudioVersion = 16.0.31605.320
MinimumVisualStudioVersion = 10.0.40219.1
Project("{FAE04EC0-301F-11D3-BF4B-00C04F79EFBC}") = "SPI.Mandarina_Bike", "SPI.Mandarina_Bike\SPI.Mandarina_Bike.csproj", "{1731C6AA-3C46-4B1A-A9A1-7D9401581559}"
EndProject
Global
	GlobalSection(SolutionConfigurationPlatforms) = preSolution
		Debug|Any CPU = Debug|Any CPU
		Release|Any CPU = Release|Any CPU
	EndGlobalSection
	GlobalSection(ProjectConfigurationPlatforms) = postSolution
		{1731C6AA-3C46-4B1A-A9A1-7D9401581559}.Debug|Any CPU.ActiveCfg = Debug|Any CPU
		{1731C6AA-3C46-4B1A-A9A1-7D9401581559}.Debug|Any CPU.Build.0 = Debug|Any CPU
		{1731C6AA-3C46-4B1A-A9A1-7D9401581559}.Release|Any CPU.ActiveCfg = Release|Any CPU
		{1731C6AA-3C46-4B1A-A9A1-7D9401581559}.Release|Any CPU.Build.0 = Release|Any CPU
	EndGlobalSection
	GlobalSection(SolutionProperties) = preSolution
		HideSolutionNode = FALSE
	EndGlobalSection
	GlobalSection(ExtensibilityGlobals) = postSolution
		SolutionGuid = {63EC3A84-5276-4A3B-B0F0-4F49E2AAB8E9}
	EndGlobalSection
EndGlobal
